
Microsoft Visual Studio Solution File, Format Version 12.00
# Visual Studio Version 17
VisualStudioVersion = 17.0.31903.59
MinimumVisualStudioVersion = 10.0.40219.1
Project("{FAE04EC0-301F-11D3-BF4B-00C04F79EFBC}") = "AudioMixer", "AudioMixer\AudioMixer.csproj", "{4DEAB05A-4B60-4F6A-8B80-9B4C32BD7A2F}"
EndProject
Project("{FAE04EC0-301F-11D3-BF4B-00C04F79EFBC}") = "AudioMixer.Tests", "AudioMixer.Tests\AudioMixer.Tests.csproj", "{417140CF-DC60-4946-AC97-9E86A0EB1024}"
EndProject
Project("{2150E333-8FDC-42A3-9474-1A3956D46DE8}") = "tools", "tools", "{CC968DAF-B4B9-5CED-8C28-D851AF23A48C}"
EndProject
Project("{FAE04EC0-301F-11D3-BF4B-00C04F79EFBC}") = "AnalyzeInputs", "tools\AnalyzeInputs\AnalyzeInputs.csproj", "{45784BDE-BC66-5743-9CB3-E42F0A1B936B}"
EndProject
Project("{FAE04EC0-301F-11D3-BF4B-00C04F79EFBC}") = "RxProbe", "tools\RxProbe\RxProbe.csproj", "{DF159000-68D4-5B20-8777-D1EBCB0AE641}"
EndProject
Project("{FAE04EC0-301F-11D3-BF4B-00C04F79EFBC}") = "VolProbe", "tools\VolProbe\VolProbe.csproj", "{513C7BFC-55D8-5307-BF24-1D1E0E04C345}"
EndProject
Global
	GlobalSection(SolutionConfigurationPlatforms) = preSolution
		Debug|Any CPU = Debug|Any CPU
		Release|Any CPU = Release|Any CPU
	EndGlobalSection
	GlobalSection(SolutionProperties) = preSolution
		HideSolutionNode = FALSE
	EndGlobalSection
	GlobalSection(ProjectConfigurationPlatforms) = postSolution
		{4DEAB05A-4B60-4F6A-8B80-9B4C32BD7A2F}.Debug|Any CPU.ActiveCfg = Debug|Any CPU
		{4DEAB05A-4B60-4F6A-8B80-9B4C32BD7A2F}.Debug|Any CPU.Build.0 = Debug|Any CPU
		{4DEAB05A-4B60-4F6A-8B80-9B4C32BD7A2F}.Release|Any CPU.ActiveCfg = Release|Any CPU
		{4DEAB05A-4B60-4F6A-8B80-9B4C32BD7A2F}.Release|Any CPU.Build.0 = Release|Any CPU
		{417140CF-DC60-4946-AC97-9E86A0EB1024}.Debug|Any CPU.ActiveCfg = Debug|Any CPU
		{417140CF-DC60-4946-AC97-9E86A0EB1024}.Debug|Any CPU.Build.0 = Debug|Any CPU
		{417140CF-DC60-4946-AC97-9E86A0EB1024}.Release|Any CPU.ActiveCfg = Release|Any CPU
		{417140CF-DC60-4946-AC97-9E86A0EB1024}.Release|Any CPU.Build.0 = Release|Any CPU
		{45784BDE-BC66-5743-9CB3-E42F0A1B936B}.Debug|Any CPU.ActiveCfg = Debug|Any CPU
		{45784BDE-BC66-5743-9CB3-E42F0A1B936B}.Debug|Any CPU.Build.0 = Debug|Any CPU
		{45784BDE-BC66-5743-9CB3-E42F0A1B936B}.Release|Any CPU.ActiveCfg = Release|Any CPU
		{45784BDE-BC66-5743-9CB3-E42F0A1B936B}.Release|Any CPU.Build.0 = Release|Any CPU
		{DF159000-68D4-5B20-8777-D1EBCB0AE641}.Debug|Any CPU.ActiveCfg = Debug|Any CPU
		{DF159000-68D4-5B20-8777-D1EBCB0AE641}.Debug|Any CPU.Build.0 = Debug|Any CPU
		{DF159000-68D4-5B20-8777-D1EBCB0AE641}.Release|Any CPU.ActiveCfg = Release|Any CPU
		{DF159000-68D4-5B20-8777-D1EBCB0AE641}.Release|Any CPU.Build.0 = Release|Any CPU
		{513C7BFC-55D8-5307-BF24-1D1E0E04C345}.Debug|Any CPU.ActiveCfg = Debug|Any CPU
		{513C7BFC-55D8-5307-BF24-1D1E0E04C345}.Debug|Any CPU.Build.0 = Debug|Any CPU
		{513C7BFC-55D8-5307-BF24-1D1E0E04C345}.Release|Any CPU.ActiveCfg = Release|Any CPU
		{513C7BFC-55D8-5307-BF24-1D1E0E04C345}.Release|Any CPU.Build.0 = Release|Any CPU
	EndGlobalSection
	GlobalSection(NestedProjects) = preSolution
		{45784BDE-BC66-5743-9CB3-E42F0A1B936B} = {CC968DAF-B4B9-5CED-8C28-D851AF23A48C}
		{DF159000-68D4-5B20-8777-D1EBCB0AE641} = {CC968DAF-B4B9-5CED-8C28-D851AF23A48C}
		{513C7BFC-55D8-5307-BF24-1D1E0E04C345} = {CC968DAF-B4B9-5CED-8C28-D851AF23A48C}
	EndGlobalSection
EndGlobal
